
Microsoft Visual Studio Solution File, Format Version 12.00
Project("{FAE04EC0-301F-11D3-BF4B-00C04F79EFBC}") = "OrderManagement.Api", "OrderManagement.Api\OrderManagement.Api.csproj", "{FDB342DC-E15B-4BF8-8FE6-78803D361483}"
EndProject
Project("{FAE04EC0-301F-11D3-BF4B-00C04F79EFBC}") = "OrderManagement.Api.Tests", "OrderManagement.Api.Tests\OrderManagement.Api.Tests.csproj", "{A70B6C9C-3EC7-4350-99EA-F44B70160561}"
EndProject
Global
	GlobalSection(SolutionConfigurationPlatforms) = preSolution
		Debug|Any CPU = Debug|Any CPU
		Release|Any CPU = Release|Any CPU
	EndGlobalSection
	GlobalSection(ProjectConfigurationPlatforms) = postSolution
		{FDB342DC-E15B-4BF8-8FE6-78803D361483}.Debug|Any CPU.ActiveCfg = Debug|Any CPU
		{FDB342DC-E15B-4BF8-8FE6-78803D361483}.Debug|Any CPU.Build.0 = Debug|Any CPU
		{FDB342DC-E15B-4BF8-8FE6-78803D361483}.Release|Any CPU.ActiveCfg = Release|Any CPU
		{FDB342DC-E15B-4BF8-8FE6-78803D361483}.Release|Any CPU.Build.0 = Release|Any CPU
		{A70B6C9C-3EC7-4350-99EA-F44B70160561}.Debug|Any CPU.ActiveCfg = Debug|Any CPU
		{A70B6C9C-3EC7-4350-99EA-F44B70160561}.Debug|Any CPU.Build.0 = Debug|Any CPU
		{A70B6C9C-3EC7-4350-99EA-F44B70160561}.Release|Any CPU.ActiveCfg = Release|Any CPU
		{A70B6C9C-3EC7-4350-99EA-F44B70160561}.Release|Any CPU.Build.0 = Release|Any CPU
	EndGlobalSection
EndGlobal
